// !$*UTF8*$!
{
	archiveVersion = 1;
	classes = {
	};
	objectVersion = 51;
	objects = {

/* Begin PBXBuildFile section */
		143BD2AC266C914F006728B5 /* SignUpViewController.swift in Sources */ = {isa = PBXBuildFile; fileRef = 143BD2AB266C914F006728B5 /* SignUpViewController.swift */; };
		143BD2AE266C9275006728B5 /* LogInViewController.swift in Sources */ = {isa = PBXBuildFile; fileRef = 143BD2AD266C9275006728B5 /* LogInViewController.swift */; };
		14785DF92666FC2400F64E5A /* AppDelegate.swift in Sources */ = {isa = PBXBuildFile; fileRef = 14785DF82666FC2400F64E5A /* AppDelegate.swift */; };
		14785DFB2666FC2400F64E5A /* SceneDelegate.swift in Sources */ = {isa = PBXBuildFile; fileRef = 14785DFA2666FC2400F64E5A /* SceneDelegate.swift */; };
		14785DFD2666FC2400F64E5A /* ViewController.swift in Sources */ = {isa = PBXBuildFile; fileRef = 14785DFC2666FC2400F64E5A /* ViewController.swift */; };
		14785E002666FC2400F64E5A /* Main.storyboard in Resources */ = {isa = PBXBuildFile; fileRef = 14785DFE2666FC2400F64E5A /* Main.storyboard */; };
		14785E022666FC2C00F64E5A /* Assets.xcassets in Resources */ = {isa = PBXBuildFile; fileRef = 14785E012666FC2C00F64E5A /* Assets.xcassets */; };
		14785E052666FC2C00F64E5A /* LaunchScreen.storyboard in Resources */ = {isa = PBXBuildFile; fileRef = 14785E032666FC2C00F64E5A /* LaunchScreen.storyboard */; };
		14785E102666FC2D00F64E5A /* Shot4ShotTests.swift in Sources */ = {isa = PBXBuildFile; fileRef = 14785E0F2666FC2D00F64E5A /* Shot4ShotTests.swift */; };
		14785E1B2666FC2D00F64E5A /* Shot4ShotUITests.swift in Sources */ = {isa = PBXBuildFile; fileRef = 14785E1A2666FC2D00F64E5A /* Shot4ShotUITests.swift */; };
		14B382E32666FFC5009C7E9A /* GoogleService-Info.plist in Resources */ = {isa = PBXBuildFile; fileRef = 14B382E22666FFC5009C7E9A /* GoogleService-Info.plist */; };
		14B382E42666FFC5009C7E9A /* GoogleService-Info.plist in Resources */ = {isa = PBXBuildFile; fileRef = 14B382E22666FFC5009C7E9A /* GoogleService-Info.plist */; };
		14B382E52666FFC5009C7E9A /* GoogleService-Info.plist in Resources */ = {isa = PBXBuildFile; fileRef = 14B382E22666FFC5009C7E9A /* GoogleService-Info.plist */; };
		28393DDE1406EC6B3BBC4E8D /* Pods_Shot4Shot.framework in Frameworks */ = {isa = PBXBuildFile; fileRef = 7047CB32DE5756F59136FB34 /* Pods_Shot4Shot.framework */; };
		2AEA2A11B24A005D545E1371 /* Pods_Shot4ShotTests.framework in Frameworks */ = {isa = PBXBuildFile; fileRef = 1F3C612B4DBE565B677841E4 /* Pods_Shot4ShotTests.framework */; };
		AD26B4F55F7E599BFC25C146 /* Pods_Shot4Shot_Shot4ShotUITests.framework in Frameworks */ = {isa = PBXBuildFile; fileRef = 848A9B11F46B90D31D016DAE /* Pods_Shot4Shot_Shot4ShotUITests.framework */; };
		DB2FA731266E12BD001D2B9A /* HistoryViewController.swift in Sources */ = {isa = PBXBuildFile; fileRef = DB2FA730266E12BD001D2B9A /* HistoryViewController.swift */; };
		DB851483266AC513006F84DE /* ProfileEditViewController.swift in Sources */ = {isa = PBXBuildFile; fileRef = DB851482266AC513006F84DE /* ProfileEditViewController.swift */; };
		DB851485266AC8A9006F84DE /* ProfileViewController.swift in Sources */ = {isa = PBXBuildFile; fileRef = DB851484266AC8A9006F84DE /* ProfileViewController.swift */; };
		DB851487266BDFF7006F84DE /* FriendsViewController.swift in Sources */ = {isa = PBXBuildFile; fileRef = DB851486266BDFF7006F84DE /* FriendsViewController.swift */; };
		DB851489266C117D006F84DE /* MyCustomCell.swift in Sources */ = {isa = PBXBuildFile; fileRef = DB851488266C117C006F84DE /* MyCustomCell.swift */; };
		F41DB8AF266B179B003C3C1C /* homeController.swift in Sources */ = {isa = PBXBuildFile; fileRef = F41DB8AE266B179B003C3C1C /* homeController.swift */; };
/* End PBXBuildFile section */

/* Begin PBXContainerItemProxy section */
		14785E0C2666FC2D00F64E5A /* PBXContainerItemProxy */ = {
			isa = PBXContainerItemProxy;
			containerPortal = 14785DED2666FC2400F64E5A /* Project object */;
			proxyType = 1;
			remoteGlobalIDString = 14785DF42666FC2400F64E5A;
			remoteInfo = Shot4Shot;
		};
		14785E172666FC2D00F64E5A /* PBXContainerItemProxy */ = {
			isa = PBXContainerItemProxy;
			containerPortal = 14785DED2666FC2400F64E5A /* Project object */;
			proxyType = 1;
			remoteGlobalIDString = 14785DF42666FC2400F64E5A;
			remoteInfo = Shot4Shot;
		};
/* End PBXContainerItemProxy section */

/* Begin PBXFileReference section */
		143BD2AB266C914F006728B5 /* SignUpViewController.swift */ = {isa = PBXFileReference; lastKnownFileType = sourcecode.swift; path = SignUpViewController.swift; sourceTree = "<group>"; };
		143BD2AD266C9275006728B5 /* LogInViewController.swift */ = {isa = PBXFileReference; lastKnownFileType = sourcecode.swift; path = LogInViewController.swift; sourceTree = "<group>"; };
		14785DF52666FC2400F64E5A /* Shot4Shot.app */ = {isa = PBXFileReference; explicitFileType = wrapper.application; includeInIndex = 0; path = Shot4Shot.app; sourceTree = BUILT_PRODUCTS_DIR; };
		14785DF82666FC2400F64E5A /* AppDelegate.swift */ = {isa = PBXFileReference; lastKnownFileType = sourcecode.swift; path = AppDelegate.swift; sourceTree = "<group>"; };
		14785DFA2666FC2400F64E5A /* SceneDelegate.swift */ = {isa = PBXFileReference; lastKnownFileType = sourcecode.swift; path = SceneDelegate.swift; sourceTree = "<group>"; };
		14785DFC2666FC2400F64E5A /* ViewController.swift */ = {isa = PBXFileReference; lastKnownFileType = sourcecode.swift; path = ViewController.swift; sourceTree = "<group>"; };
		14785DFF2666FC2400F64E5A /* Base */ = {isa = PBXFileReference; lastKnownFileType = file.storyboard; name = Base; path = Base.lproj/Main.storyboard; sourceTree = "<group>"; };
		14785E012666FC2C00F64E5A /* Assets.xcassets */ = {isa = PBXFileReference; lastKnownFileType = folder.assetcatalog; path = Assets.xcassets; sourceTree = "<group>"; };
		14785E042666FC2C00F64E5A /* Base */ = {isa = PBXFileReference; lastKnownFileType = file.storyboard; name = Base; path = Base.lproj/LaunchScreen.storyboard; sourceTree = "<group>"; };
		14785E062666FC2C00F64E5A /* Info.plist */ = {isa = PBXFileReference; lastKnownFileType = text.plist.xml; path = Info.plist; sourceTree = "<group>"; };
		14785E0B2666FC2D00F64E5A /* Shot4ShotTests.xctest */ = {isa = PBXFileReference; explicitFileType = wrapper.cfbundle; includeInIndex = 0; path = Shot4ShotTests.xctest; sourceTree = BUILT_PRODUCTS_DIR; };
		14785E0F2666FC2D00F64E5A /* Shot4ShotTests.swift */ = {isa = PBXFileReference; lastKnownFileType = sourcecode.swift; path = Shot4ShotTests.swift; sourceTree = "<group>"; };
		14785E112666FC2D00F64E5A /* Info.plist */ = {isa = PBXFileReference; lastKnownFileType = text.plist.xml; path = Info.plist; sourceTree = "<group>"; };
		14785E162666FC2D00F64E5A /* Shot4ShotUITests.xctest */ = {isa = PBXFileReference; explicitFileType = wrapper.cfbundle; includeInIndex = 0; path = Shot4ShotUITests.xctest; sourceTree = BUILT_PRODUCTS_DIR; };
		14785E1A2666FC2D00F64E5A /* Shot4ShotUITests.swift */ = {isa = PBXFileReference; lastKnownFileType = sourcecode.swift; path = Shot4ShotUITests.swift; sourceTree = "<group>"; };
		14785E1C2666FC2D00F64E5A /* Info.plist */ = {isa = PBXFileReference; lastKnownFileType = text.plist.xml; path = Info.plist; sourceTree = "<group>"; };
		14B382E22666FFC5009C7E9A /* GoogleService-Info.plist */ = {isa = PBXFileReference; fileEncoding = 4; lastKnownFileType = text.plist.xml; path = "GoogleService-Info.plist"; sourceTree = "<group>"; };
		1F3C612B4DBE565B677841E4 /* Pods_Shot4ShotTests.framework */ = {isa = PBXFileReference; explicitFileType = wrapper.framework; includeInIndex = 0; path = Pods_Shot4ShotTests.framework; sourceTree = BUILT_PRODUCTS_DIR; };
		2C8E3966963D5E2D84C880D5 /* Pods-Shot4Shot-Shot4ShotUITests.debug.xcconfig */ = {isa = PBXFileReference; includeInIndex = 1; lastKnownFileType = text.xcconfig; name = "Pods-Shot4Shot-Shot4ShotUITests.debug.xcconfig"; path = "Target Support Files/Pods-Shot4Shot-Shot4ShotUITests/Pods-Shot4Shot-Shot4ShotUITests.debug.xcconfig"; sourceTree = "<group>"; };
		321D21AFDA9014A8DDB88F19 /* Pods-Shot4ShotTests.release.xcconfig */ = {isa = PBXFileReference; includeInIndex = 1; lastKnownFileType = text.xcconfig; name = "Pods-Shot4ShotTests.release.xcconfig"; path = "Target Support Files/Pods-Shot4ShotTests/Pods-Shot4ShotTests.release.xcconfig"; sourceTree = "<group>"; };
		7047CB32DE5756F59136FB34 /* Pods_Shot4Shot.framework */ = {isa = PBXFileReference; explicitFileType = wrapper.framework; includeInIndex = 0; path = Pods_Shot4Shot.framework; sourceTree = BUILT_PRODUCTS_DIR; };
		76AC1C7EA76F1B44B94F6EF9 /* Pods-Shot4Shot-Shot4ShotUITests.release.xcconfig */ = {isa = PBXFileReference; includeInIndex = 1; lastKnownFileType = text.xcconfig; name = "Pods-Shot4Shot-Shot4ShotUITests.release.xcconfig"; path = "Target Support Files/Pods-Shot4Shot-Shot4ShotUITests/Pods-Shot4Shot-Shot4ShotUITests.release.xcconfig"; sourceTree = "<group>"; };
		848A9B11F46B90D31D016DAE /* Pods_Shot4Shot_Shot4ShotUITests.framework */ = {isa = PBXFileReference; explicitFileType = wrapper.framework; includeInIndex = 0; path = Pods_Shot4Shot_Shot4ShotUITests.framework; sourceTree = BUILT_PRODUCTS_DIR; };
		884C9A5DC096B45F88A5E4CB /* Pods-Shot4Shot.debug.xcconfig */ = {isa = PBXFileReference; includeInIndex = 1; lastKnownFileType = text.xcconfig; name = "Pods-Shot4Shot.debug.xcconfig"; path = "Target Support Files/Pods-Shot4Shot/Pods-Shot4Shot.debug.xcconfig"; sourceTree = "<group>"; };
		B8A0E1F0D43F8B833AB1718C /* Pods-Shot4Shot.release.xcconfig */ = {isa = PBXFileReference; includeInIndex = 1; lastKnownFileType = text.xcconfig; name = "Pods-Shot4Shot.release.xcconfig"; path = "Target Support Files/Pods-Shot4Shot/Pods-Shot4Shot.release.xcconfig"; sourceTree = "<group>"; };
		DB2FA730266E12BD001D2B9A /* HistoryViewController.swift */ = {isa = PBXFileReference; lastKnownFileType = sourcecode.swift; path = HistoryViewController.swift; sourceTree = "<group>"; };
		DB851482266AC513006F84DE /* ProfileEditViewController.swift */ = {isa = PBXFileReference; lastKnownFileType = sourcecode.swift; path = ProfileEditViewController.swift; sourceTree = "<group>"; };
		DB851484266AC8A9006F84DE /* ProfileViewController.swift */ = {isa = PBXFileReference; lastKnownFileType = sourcecode.swift; path = ProfileViewController.swift; sourceTree = "<group>"; };
		DB851486266BDFF7006F84DE /* FriendsViewController.swift */ = {isa = PBXFileReference; lastKnownFileType = sourcecode.swift; path = FriendsViewController.swift; sourceTree = "<group>"; };
		DB851488266C117C006F84DE /* MyCustomCell.swift */ = {isa = PBXFileReference; lastKnownFileType = sourcecode.swift; path = MyCustomCell.swift; sourceTree = "<group>"; };
		EA5B91870D0A4BCB8D11F700 /* Pods-Shot4ShotTests.debug.xcconfig */ = {isa = PBXFileReference; includeInIndex = 1; lastKnownFileType = text.xcconfig; name = "Pods-Shot4ShotTests.debug.xcconfig"; path = "Target Support Files/Pods-Shot4ShotTests/Pods-Shot4ShotTests.debug.xcconfig"; sourceTree = "<group>"; };
		F41DB8AE266B179B003C3C1C /* homeController.swift */ = {isa = PBXFileReference; lastKnownFileType = sourcecode.swift; path = homeController.swift; sourceTree = "<group>"; };
/* End PBXFileReference section */

/* Begin PBXFrameworksBuildPhase section */
		14785DF22666FC2400F64E5A /* Frameworks */ = {
			isa = PBXFrameworksBuildPhase;
			buildActionMask = 2147483647;
			files = (
				28393DDE1406EC6B3BBC4E8D /* Pods_Shot4Shot.framework in Frameworks */,
			);
			runOnlyForDeploymentPostprocessing = 0;
		};
		14785E082666FC2D00F64E5A /* Frameworks */ = {
			isa = PBXFrameworksBuildPhase;
			buildActionMask = 2147483647;
			files = (
				2AEA2A11B24A005D545E1371 /* Pods_Shot4ShotTests.framework in Frameworks */,
			);
			runOnlyForDeploymentPostprocessing = 0;
		};
		14785E132666FC2D00F64E5A /* Frameworks */ = {
			isa = PBXFrameworksBuildPhase;
			buildActionMask = 2147483647;
			files = (
				AD26B4F55F7E599BFC25C146 /* Pods_Shot4Shot_Shot4ShotUITests.framework in Frameworks */,
			);
			runOnlyForDeploymentPostprocessing = 0;
		};
/* End PBXFrameworksBuildPhase section */

/* Begin PBXGroup section */
		14785DEC2666FC2400F64E5A = {
			isa = PBXGroup;
			children = (
				14785DF72666FC2400F64E5A /* Shot4Shot */,
				14785E0E2666FC2D00F64E5A /* Shot4ShotTests */,
				14785E192666FC2D00F64E5A /* Shot4ShotUITests */,
				14785DF62666FC2400F64E5A /* Products */,
				8E229FB2475EE3BF1188F6FE /* Pods */,
				AEE460E1A5B208B48615AB85 /* Frameworks */,
			);
			sourceTree = "<group>";
		};
		14785DF62666FC2400F64E5A /* Products */ = {
			isa = PBXGroup;
			children = (
				14785DF52666FC2400F64E5A /* Shot4Shot.app */,
				14785E0B2666FC2D00F64E5A /* Shot4ShotTests.xctest */,
				14785E162666FC2D00F64E5A /* Shot4ShotUITests.xctest */,
			);
			name = Products;
			sourceTree = "<group>";
		};
		14785DF72666FC2400F64E5A /* Shot4Shot */ = {
			isa = PBXGroup;
			children = (
				DB851488266C117C006F84DE /* MyCustomCell.swift */,
				14785DF82666FC2400F64E5A /* AppDelegate.swift */,
				14785DFA2666FC2400F64E5A /* SceneDelegate.swift */,
				14785DFC2666FC2400F64E5A /* ViewController.swift */,
				14785DFE2666FC2400F64E5A /* Main.storyboard */,
				DB2FA730266E12BD001D2B9A /* HistoryViewController.swift */,
				DB851486266BDFF7006F84DE /* FriendsViewController.swift */,
				DB851484266AC8A9006F84DE /* ProfileViewController.swift */,
				14785E012666FC2C00F64E5A /* Assets.xcassets */,
				14785E032666FC2C00F64E5A /* LaunchScreen.storyboard */,
				14B382E22666FFC5009C7E9A /* GoogleService-Info.plist */,
				14785E062666FC2C00F64E5A /* Info.plist */,
				DB851482266AC513006F84DE /* ProfileEditViewController.swift */,
				F41DB8AE266B179B003C3C1C /* homeController.swift */,
				143BD2AB266C914F006728B5 /* SignUpViewController.swift */,
				143BD2AD266C9275006728B5 /* LogInViewController.swift */,
			);
			path = Shot4Shot;
			sourceTree = "<group>";
		};
		14785E0E2666FC2D00F64E5A /* Shot4ShotTests */ = {
			isa = PBXGroup;
			children = (
				14785E0F2666FC2D00F64E5A /* Shot4ShotTests.swift */,
				14785E112666FC2D00F64E5A /* Info.plist */,
			);
			path = Shot4ShotTests;
			sourceTree = "<group>";
		};
		14785E192666FC2D00F64E5A /* Shot4ShotUITests */ = {
			isa = PBXGroup;
			children = (
				14785E1A2666FC2D00F64E5A /* Shot4ShotUITests.swift */,
				14785E1C2666FC2D00F64E5A /* Info.plist */,
			);
			path = Shot4ShotUITests;
			sourceTree = "<group>";
		};
		8E229FB2475EE3BF1188F6FE /* Pods */ = {
			isa = PBXGroup;
			children = (
				884C9A5DC096B45F88A5E4CB /* Pods-Shot4Shot.debug.xcconfig */,
				B8A0E1F0D43F8B833AB1718C /* Pods-Shot4Shot.release.xcconfig */,
				2C8E3966963D5E2D84C880D5 /* Pods-Shot4Shot-Shot4ShotUITests.debug.xcconfig */,
				76AC1C7EA76F1B44B94F6EF9 /* Pods-Shot4Shot-Shot4ShotUITests.release.xcconfig */,
				EA5B91870D0A4BCB8D11F700 /* Pods-Shot4ShotTests.debug.xcconfig */,
				321D21AFDA9014A8DDB88F19 /* Pods-Shot4ShotTests.release.xcconfig */,
			);
			path = Pods;
			sourceTree = "<group>";
		};
		AEE460E1A5B208B48615AB85 /* Frameworks */ = {
			isa = PBXGroup;
			children = (
				7047CB32DE5756F59136FB34 /* Pods_Shot4Shot.framework */,
				848A9B11F46B90D31D016DAE /* Pods_Shot4Shot_Shot4ShotUITests.framework */,
				1F3C612B4DBE565B677841E4 /* Pods_Shot4ShotTests.framework */,
			);
			name = Frameworks;
			sourceTree = "<group>";
		};
/* End PBXGroup section */

/* Begin PBXNativeTarget section */
		14785DF42666FC2400F64E5A /* Shot4Shot */ = {
			isa = PBXNativeTarget;
			buildConfigurationList = 14785E1F2666FC2D00F64E5A /* Build configuration list for PBXNativeTarget "Shot4Shot" */;
			buildPhases = (
				23A31ADB07A8B81B32E7F77C /* [CP] Check Pods Manifest.lock */,
				14785DF12666FC2400F64E5A /* Sources */,
				14785DF22666FC2400F64E5A /* Frameworks */,
				14785DF32666FC2400F64E5A /* Resources */,
				BF091D26D80FC18AFA72DB5D /* [CP] Embed Pods Frameworks */,
				EECCA5C87962B332423BD702 /* [CP] Copy Pods Resources */,
			);
			buildRules = (
			);
			dependencies = (
			);
			name = Shot4Shot;
			productName = Shot4Shot;
			productReference = 14785DF52666FC2400F64E5A /* Shot4Shot.app */;
			productType = "com.apple.product-type.application";
		};
		14785E0A2666FC2D00F64E5A /* Shot4ShotTests */ = {
			isa = PBXNativeTarget;
			buildConfigurationList = 14785E222666FC2D00F64E5A /* Build configuration list for PBXNativeTarget "Shot4ShotTests" */;
			buildPhases = (
				7F1949E5B2603F353EC28379 /* [CP] Check Pods Manifest.lock */,
				14785E072666FC2D00F64E5A /* Sources */,
				14785E082666FC2D00F64E5A /* Frameworks */,
				14785E092666FC2D00F64E5A /* Resources */,
			);
			buildRules = (
			);
			dependencies = (
				14785E0D2666FC2D00F64E5A /* PBXTargetDependency */,
			);
			name = Shot4ShotTests;
			productName = Shot4ShotTests;
			productReference = 14785E0B2666FC2D00F64E5A /* Shot4ShotTests.xctest */;
			productType = "com.apple.product-type.bundle.unit-test";
		};
		14785E152666FC2D00F64E5A /* Shot4ShotUITests */ = {
			isa = PBXNativeTarget;
			buildConfigurationList = 14785E252666FC2D00F64E5A /* Build configuration list for PBXNativeTarget "Shot4ShotUITests" */;
			buildPhases = (
				050396ADBD285405DCB06BEA /* [CP] Check Pods Manifest.lock */,
				14785E122666FC2D00F64E5A /* Sources */,
				14785E132666FC2D00F64E5A /* Frameworks */,
				14785E142666FC2D00F64E5A /* Resources */,
				5ED8825B60F7B808643A86F0 /* [CP] Embed Pods Frameworks */,
				FE854B003A15E2F29BD545E7 /* [CP] Copy Pods Resources */,
			);
			buildRules = (
			);
			dependencies = (
				14785E182666FC2D00F64E5A /* PBXTargetDependency */,
			);
			name = Shot4ShotUITests;
			productName = Shot4ShotUITests;
			productReference = 14785E162666FC2D00F64E5A /* Shot4ShotUITests.xctest */;
			productType = "com.apple.product-type.bundle.ui-testing";
		};
/* End PBXNativeTarget section */

/* Begin PBXProject section */
		14785DED2666FC2400F64E5A /* Project object */ = {
			isa = PBXProject;
			attributes = {
				LastSwiftUpdateCheck = 1250;
				LastUpgradeCheck = 1250;
				TargetAttributes = {
					14785DF42666FC2400F64E5A = {
						CreatedOnToolsVersion = 12.5;
					};
					14785E0A2666FC2D00F64E5A = {
						CreatedOnToolsVersion = 12.5;
						TestTargetID = 14785DF42666FC2400F64E5A;
					};
					14785E152666FC2D00F64E5A = {
						CreatedOnToolsVersion = 12.5;
						TestTargetID = 14785DF42666FC2400F64E5A;
					};
				};
			};
			buildConfigurationList = 14785DF02666FC2400F64E5A /* Build configuration list for PBXProject "Shot4Shot" */;
			compatibilityVersion = "Xcode 9.3";
			developmentRegion = en;
			hasScannedForEncodings = 0;
			knownRegions = (
				en,
				Base,
			);
			mainGroup = 14785DEC2666FC2400F64E5A;
			productRefGroup = 14785DF62666FC2400F64E5A /* Products */;
			projectDirPath = "";
			projectRoot = "";
			targets = (
				14785DF42666FC2400F64E5A /* Shot4Shot */,
				14785E0A2666FC2D00F64E5A /* Shot4ShotTests */,
				14785E152666FC2D00F64E5A /* Shot4ShotUITests */,
			);
		};
/* End PBXProject section */

/* Begin PBXResourcesBuildPhase section */
		14785DF32666FC2400F64E5A /* Resources */ = {
			isa = PBXResourcesBuildPhase;
			buildActionMask = 2147483647;
			files = (
				14785E052666FC2C00F64E5A /* LaunchScreen.storyboard in Resources */,
				14B382E32666FFC5009C7E9A /* GoogleService-Info.plist in Resources */,
				14785E022666FC2C00F64E5A /* Assets.xcassets in Resources */,
				14785E002666FC2400F64E5A /* Main.storyboard in Resources */,
			);
			runOnlyForDeploymentPostprocessing = 0;
		};
		14785E092666FC2D00F64E5A /* Resources */ = {
			isa = PBXResourcesBuildPhase;
			buildActionMask = 2147483647;
			files = (
				14B382E42666FFC5009C7E9A /* GoogleService-Info.plist in Resources */,
			);
			runOnlyForDeploymentPostprocessing = 0;
		};
		14785E142666FC2D00F64E5A /* Resources */ = {
			isa = PBXResourcesBuildPhase;
			buildActionMask = 2147483647;
			files = (
				14B382E52666FFC5009C7E9A /* GoogleService-Info.plist in Resources */,
			);
			runOnlyForDeploymentPostprocessing = 0;
		};
/* End PBXResourcesBuildPhase section */

/* Begin PBXShellScriptBuildPhase section */
		050396ADBD285405DCB06BEA /* [CP] Check Pods Manifest.lock */ = {
			isa = PBXShellScriptBuildPhase;
			buildActionMask = 2147483647;
			files = (
			);
			inputFileListPaths = (
			);
			inputPaths = (
				"${PODS_PODFILE_DIR_PATH}/Podfile.lock",
				"${PODS_ROOT}/Manifest.lock",
			);
			name = "[CP] Check Pods Manifest.lock";
			outputFileListPaths = (
			);
			outputPaths = (
				"$(DERIVED_FILE_DIR)/Pods-Shot4Shot-Shot4ShotUITests-checkManifestLockResult.txt",
			);
			runOnlyForDeploymentPostprocessing = 0;
			shellPath = /bin/sh;
			shellScript = "diff \"${PODS_PODFILE_DIR_PATH}/Podfile.lock\" \"${PODS_ROOT}/Manifest.lock\" > /dev/null\nif [ $? != 0 ] ; then\n    # print error to STDERR\n    echo \"error: The sandbox is not in sync with the Podfile.lock. Run 'pod install' or update your CocoaPods installation.\" >&2\n    exit 1\nfi\n# This output is used by Xcode 'outputs' to avoid re-running this script phase.\necho \"SUCCESS\" > \"${SCRIPT_OUTPUT_FILE_0}\"\n";
			showEnvVarsInLog = 0;
		};
		23A31ADB07A8B81B32E7F77C /* [CP] Check Pods Manifest.lock */ = {
			isa = PBXShellScriptBuildPhase;
			buildActionMask = 2147483647;
			files = (
			);
			inputFileListPaths = (
			);
			inputPaths = (
				"${PODS_PODFILE_DIR_PATH}/Podfile.lock",
				"${PODS_ROOT}/Manifest.lock",
			);
			name = "[CP] Check Pods Manifest.lock";
			outputFileListPaths = (
			);
			outputPaths = (
				"$(DERIVED_FILE_DIR)/Pods-Shot4Shot-checkManifestLockResult.txt",
			);
			runOnlyForDeploymentPostprocessing = 0;
			shellPath = /bin/sh;
			shellScript = "diff \"${PODS_PODFILE_DIR_PATH}/Podfile.lock\" \"${PODS_ROOT}/Manifest.lock\" > /dev/null\nif [ $? != 0 ] ; then\n    # print error to STDERR\n    echo \"error: The sandbox is not in sync with the Podfile.lock. Run 'pod install' or update your CocoaPods installation.\" >&2\n    exit 1\nfi\n# This output is used by Xcode 'outputs' to avoid re-running this script phase.\necho \"SUCCESS\" > \"${SCRIPT_OUTPUT_FILE_0}\"\n";
			showEnvVarsInLog = 0;
		};
		5ED8825B60F7B808643A86F0 /* [CP] Embed Pods Frameworks */ = {
			isa = PBXShellScriptBuildPhase;
			buildActionMask = 2147483647;
			files = (
			);
			inputFileListPaths = (
				"${PODS_ROOT}/Target Support Files/Pods-Shot4Shot-Shot4ShotUITests/Pods-Shot4Shot-Shot4ShotUITests-frameworks-${CONFIGURATION}-input-files.xcfilelist",
			);
			name = "[CP] Embed Pods Frameworks";
			outputFileListPaths = (
				"${PODS_ROOT}/Target Support Files/Pods-Shot4Shot-Shot4ShotUITests/Pods-Shot4Shot-Shot4ShotUITests-frameworks-${CONFIGURATION}-output-files.xcfilelist",
			);
			runOnlyForDeploymentPostprocessing = 0;
			shellPath = /bin/sh;
			shellScript = "\"${PODS_ROOT}/Target Support Files/Pods-Shot4Shot-Shot4ShotUITests/Pods-Shot4Shot-Shot4ShotUITests-frameworks.sh\"\n";
			showEnvVarsInLog = 0;
		};
		7F1949E5B2603F353EC28379 /* [CP] Check Pods Manifest.lock */ = {
			isa = PBXShellScriptBuildPhase;
			buildActionMask = 2147483647;
			files = (
			);
			inputFileListPaths = (
			);
			inputPaths = (
				"${PODS_PODFILE_DIR_PATH}/Podfile.lock",
				"${PODS_ROOT}/Manifest.lock",
			);
			name = "[CP] Check Pods Manifest.lock";
			outputFileListPaths = (
			);
			outputPaths = (
				"$(DERIVED_FILE_DIR)/Pods-Shot4ShotTests-checkManifestLockResult.txt",
			);
			runOnlyForDeploymentPostprocessing = 0;
			shellPath = /bin/sh;
			shellScript = "diff \"${PODS_PODFILE_DIR_PATH}/Podfile.lock\" \"${PODS_ROOT}/Manifest.lock\" > /dev/null\nif [ $? != 0 ] ; then\n    # print error to STDERR\n    echo \"error: The sandbox is not in sync with the Podfile.lock. Run 'pod install' or update your CocoaPods installation.\" >&2\n    exit 1\nfi\n# This output is used by Xcode 'outputs' to avoid re-running this script phase.\necho \"SUCCESS\" > \"${SCRIPT_OUTPUT_FILE_0}\"\n";
			showEnvVarsInLog = 0;
		};
		BF091D26D80FC18AFA72DB5D /* [CP] Embed Pods Frameworks */ = {
			isa = PBXShellScriptBuildPhase;
			buildActionMask = 2147483647;
			files = (
			);
			inputFileListPaths = (
				"${PODS_ROOT}/Target Support Files/Pods-Shot4Shot/Pods-Shot4Shot-frameworks-${CONFIGURATION}-input-files.xcfilelist",
			);
			name = "[CP] Embed Pods Frameworks";
			outputFileListPaths = (
				"${PODS_ROOT}/Target Support Files/Pods-Shot4Shot/Pods-Shot4Shot-frameworks-${CONFIGURATION}-output-files.xcfilelist",
			);
			runOnlyForDeploymentPostprocessing = 0;
			shellPath = /bin/sh;
			shellScript = "\"${PODS_ROOT}/Target Support Files/Pods-Shot4Shot/Pods-Shot4Shot-frameworks.sh\"\n";
			showEnvVarsInLog = 0;
		};
		EECCA5C87962B332423BD702 /* [CP] Copy Pods Resources */ = {
			isa = PBXShellScriptBuildPhase;
			buildActionMask = 2147483647;
			files = (
			);
			inputFileListPaths = (
				"${PODS_ROOT}/Target Support Files/Pods-Shot4Shot/Pods-Shot4Shot-resources-${CONFIGURATION}-input-files.xcfilelist",
			);
			name = "[CP] Copy Pods Resources";
			outputFileListPaths = (
				"${PODS_ROOT}/Target Support Files/Pods-Shot4Shot/Pods-Shot4Shot-resources-${CONFIGURATION}-output-files.xcfilelist",
			);
			runOnlyForDeploymentPostprocessing = 0;
			shellPath = /bin/sh;
			shellScript = "\"${PODS_ROOT}/Target Support Files/Pods-Shot4Shot/Pods-Shot4Shot-resources.sh\"\n";
			showEnvVarsInLog = 0;
		};
		FE854B003A15E2F29BD545E7 /* [CP] Copy Pods Resources */ = {
			isa = PBXShellScriptBuildPhase;
			buildActionMask = 2147483647;
			files = (
			);
			inputFileListPaths = (
				"${PODS_ROOT}/Target Support Files/Pods-Shot4Shot-Shot4ShotUITests/Pods-Shot4Shot-Shot4ShotUITests-resources-${CONFIGURATION}-input-files.xcfilelist",
			);
			name = "[CP] Copy Pods Resources";
			outputFileListPaths = (
				"${PODS_ROOT}/Target Support Files/Pods-Shot4Shot-Shot4ShotUITests/Pods-Shot4Shot-Shot4ShotUITests-resources-${CONFIGURATION}-output-files.xcfilelist",
			);
			runOnlyForDeploymentPostprocessing = 0;
			shellPath = /bin/sh;
			shellScript = "\"${PODS_ROOT}/Target Support Files/Pods-Shot4Shot-Shot4ShotUITests/Pods-Shot4Shot-Shot4ShotUITests-resources.sh\"\n";
			showEnvVarsInLog = 0;
		};
/* End PBXShellScriptBuildPhase section */

/* Begin PBXSourcesBuildPhase section */
		14785DF12666FC2400F64E5A /* Sources */ = {
			isa = PBXSourcesBuildPhase;
			buildActionMask = 2147483647;
			files = (
				DB851483266AC513006F84DE /* ProfileEditViewController.swift in Sources */,
				14785DFD2666FC2400F64E5A /* ViewController.swift in Sources */,
				DB851485266AC8A9006F84DE /* ProfileViewController.swift in Sources */,
				DB2FA731266E12BD001D2B9A /* HistoryViewController.swift in Sources */,
				DB851489266C117D006F84DE /* MyCustomCell.swift in Sources */,
				F41DB8AF266B179B003C3C1C /* homeController.swift in Sources */,
				14785DFD2666FC2400F64E5A /* ViewController.swift in Sources */,
				143BD2AE266C9275006728B5 /* LogInViewController.swift in Sources */,
				14785DF92666FC2400F64E5A /* AppDelegate.swift in Sources */,
				DB851487266BDFF7006F84DE /* FriendsViewController.swift in Sources */,
				14785DFB2666FC2400F64E5A /* SceneDelegate.swift in Sources */,
				143BD2AC266C914F006728B5 /* SignUpViewController.swift in Sources */,
			);
			runOnlyForDeploymentPostprocessing = 0;
		};
		14785E072666FC2D00F64E5A /* Sources */ = {
			isa = PBXSourcesBuildPhase;
			buildActionMask = 2147483647;
			files = (
				14785E102666FC2D00F64E5A /* Shot4ShotTests.swift in Sources */,
			);
			runOnlyForDeploymentPostprocessing = 0;
		};
		14785E122666FC2D00F64E5A /* Sources */ = {
			isa = PBXSourcesBuildPhase;
			buildActionMask = 2147483647;
			files = (
				14785E1B2666FC2D00F64E5A /* Shot4ShotUITests.swift in Sources */,
			);
			runOnlyForDeploymentPostprocessing = 0;
		};
/* End PBXSourcesBuildPhase section */

/* Begin PBXTargetDependency section */
		14785E0D2666FC2D00F64E5A /* PBXTargetDependency */ = {
			isa = PBXTargetDependency;
			target = 14785DF42666FC2400F64E5A /* Shot4Shot */;
			targetProxy = 14785E0C2666FC2D00F64E5A /* PBXContainerItemProxy */;
		};
		14785E182666FC2D00F64E5A /* PBXTargetDependency */ = {
			isa = PBXTargetDependency;
			target = 14785DF42666FC2400F64E5A /* Shot4Shot */;
			targetProxy = 14785E172666FC2D00F64E5A /* PBXContainerItemProxy */;
		};
/* End PBXTargetDependency section */

/* Begin PBXVariantGroup section */
		14785DFE2666FC2400F64E5A /* Main.storyboard */ = {
			isa = PBXVariantGroup;
			children = (
				14785DFF2666FC2400F64E5A /* Base */,
			);
			name = Main.storyboard;
			sourceTree = "<group>";
		};
		14785E032666FC2C00F64E5A /* LaunchScreen.storyboard */ = {
			isa = PBXVariantGroup;
			children = (
				14785E042666FC2C00F64E5A /* Base */,
			);
			name = LaunchScreen.storyboard;
			sourceTree = "<group>";
		};
/* End PBXVariantGroup section */

/* Begin XCBuildConfiguration section */
		14785E1D2666FC2D00F64E5A /* Debug */ = {
			isa = XCBuildConfiguration;
			buildSettings = {
				ALWAYS_SEARCH_USER_PATHS = NO;
				CLANG_ANALYZER_NONNULL = YES;
				CLANG_ANALYZER_NUMBER_OBJECT_CONVERSION = YES_AGGRESSIVE;
				CLANG_CXX_LANGUAGE_STANDARD = "gnu++14";
				CLANG_CXX_LIBRARY = "libc++";
				CLANG_ENABLE_MODULES = YES;
				CLANG_ENABLE_OBJC_ARC = YES;
				CLANG_ENABLE_OBJC_WEAK = YES;
				CLANG_WARN_BLOCK_CAPTURE_AUTORELEASING = YES;
				CLANG_WARN_BOOL_CONVERSION = YES;
				CLANG_WARN_COMMA = YES;
				CLANG_WARN_CONSTANT_CONVERSION = YES;
				CLANG_WARN_DEPRECATED_OBJC_IMPLEMENTATIONS = YES;
				CLANG_WARN_DIRECT_OBJC_ISA_USAGE = YES_ERROR;
				CLANG_WARN_DOCUMENTATION_COMMENTS = YES;
				CLANG_WARN_EMPTY_BODY = YES;
				CLANG_WARN_ENUM_CONVERSION = YES;
				CLANG_WARN_INFINITE_RECURSION = YES;
				CLANG_WARN_INT_CONVERSION = YES;
				CLANG_WARN_NON_LITERAL_NULL_CONVERSION = YES;
				CLANG_WARN_OBJC_IMPLICIT_RETAIN_SELF = YES;
				CLANG_WARN_OBJC_LITERAL_CONVERSION = YES;
				CLANG_WARN_OBJC_ROOT_CLASS = YES_ERROR;
				CLANG_WARN_QUOTED_INCLUDE_IN_FRAMEWORK_HEADER = YES;
				CLANG_WARN_RANGE_LOOP_ANALYSIS = YES;
				CLANG_WARN_STRICT_PROTOTYPES = YES;
				CLANG_WARN_SUSPICIOUS_MOVE = YES;
				CLANG_WARN_UNGUARDED_AVAILABILITY = YES_AGGRESSIVE;
				CLANG_WARN_UNREACHABLE_CODE = YES;
				CLANG_WARN__DUPLICATE_METHOD_MATCH = YES;
				COPY_PHASE_STRIP = NO;
				DEBUG_INFORMATION_FORMAT = dwarf;
				ENABLE_STRICT_OBJC_MSGSEND = YES;
				ENABLE_TESTABILITY = YES;
				GCC_C_LANGUAGE_STANDARD = gnu11;
				GCC_DYNAMIC_NO_PIC = NO;
				GCC_NO_COMMON_BLOCKS = YES;
				GCC_OPTIMIZATION_LEVEL = 0;
				GCC_PREPROCESSOR_DEFINITIONS = (
					"DEBUG=1",
					"$(inherited)",
				);
				GCC_WARN_64_TO_32_BIT_CONVERSION = YES;
				GCC_WARN_ABOUT_RETURN_TYPE = YES_ERROR;
				GCC_WARN_UNDECLARED_SELECTOR = YES;
				GCC_WARN_UNINITIALIZED_AUTOS = YES_AGGRESSIVE;
				GCC_WARN_UNUSED_FUNCTION = YES;
				GCC_WARN_UNUSED_VARIABLE = YES;
				IPHONEOS_DEPLOYMENT_TARGET = 14.5;
				MTL_ENABLE_DEBUG_INFO = INCLUDE_SOURCE;
				MTL_FAST_MATH = YES;
				ONLY_ACTIVE_ARCH = YES;
				SDKROOT = iphoneos;
				SWIFT_ACTIVE_COMPILATION_CONDITIONS = DEBUG;
				SWIFT_OPTIMIZATION_LEVEL = "-Onone";
			};
			name = Debug;
		};
		14785E1E2666FC2D00F64E5A /* Release */ = {
			isa = XCBuildConfiguration;
			buildSettings = {
				ALWAYS_SEARCH_USER_PATHS = NO;
				CLANG_ANALYZER_NONNULL = YES;
				CLANG_ANALYZER_NUMBER_OBJECT_CONVERSION = YES_AGGRESSIVE;
				CLANG_CXX_LANGUAGE_STANDARD = "gnu++14";
				CLANG_CXX_LIBRARY = "libc++";
				CLANG_ENABLE_MODULES = YES;
				CLANG_ENABLE_OBJC_ARC = YES;
				CLANG_ENABLE_OBJC_WEAK = YES;
				CLANG_WARN_BLOCK_CAPTURE_AUTORELEASING = YES;
				CLANG_WARN_BOOL_CONVERSION = YES;
				CLANG_WARN_COMMA = YES;
				CLANG_WARN_CONSTANT_CONVERSION = YES;
				CLANG_WARN_DEPRECATED_OBJC_IMPLEMENTATIONS = YES;
				CLANG_WARN_DIRECT_OBJC_ISA_USAGE = YES_ERROR;
				CLANG_WARN_DOCUMENTATION_COMMENTS = YES;
				CLANG_WARN_EMPTY_BODY = YES;
				CLANG_WARN_ENUM_CONVERSION = YES;
				CLANG_WARN_INFINITE_RECURSION = YES;
				CLANG_WARN_INT_CONVERSION = YES;
				CLANG_WARN_NON_LITERAL_NULL_CONVERSION = YES;
				CLANG_WARN_OBJC_IMPLICIT_RETAIN_SELF = YES;
				CLANG_WARN_OBJC_LITERAL_CONVERSION = YES;
				CLANG_WARN_OBJC_ROOT_CLASS = YES_ERROR;
				CLANG_WARN_QUOTED_INCLUDE_IN_FRAMEWORK_HEADER = YES;
				CLANG_WARN_RANGE_LOOP_ANALYSIS = YES;
				CLANG_WARN_STRICT_PROTOTYPES = YES;
				CLANG_WARN_SUSPICIOUS_MOVE = YES;
				CLANG_WARN_UNGUARDED_AVAILABILITY = YES_AGGRESSIVE;
				CLANG_WARN_UNREACHABLE_CODE = YES;
				CLANG_WARN__DUPLICATE_METHOD_MATCH = YES;
				COPY_PHASE_STRIP = NO;
				DEBUG_INFORMATION_FORMAT = "dwarf-with-dsym";
				ENABLE_NS_ASSERTIONS = NO;
				ENABLE_STRICT_OBJC_MSGSEND = YES;
				GCC_C_LANGUAGE_STANDARD = gnu11;
				GCC_NO_COMMON_BLOCKS = YES;
				GCC_WARN_64_TO_32_BIT_CONVERSION = YES;
				GCC_WARN_ABOUT_RETURN_TYPE = YES_ERROR;
				GCC_WARN_UNDECLARED_SELECTOR = YES;
				GCC_WARN_UNINITIALIZED_AUTOS = YES_AGGRESSIVE;
				GCC_WARN_UNUSED_FUNCTION = YES;
				GCC_WARN_UNUSED_VARIABLE = YES;
				IPHONEOS_DEPLOYMENT_TARGET = 14.5;
				MTL_ENABLE_DEBUG_INFO = NO;
				MTL_FAST_MATH = YES;
				SDKROOT = iphoneos;
				SWIFT_COMPILATION_MODE = wholemodule;
				SWIFT_OPTIMIZATION_LEVEL = "-O";
				VALIDATE_PRODUCT = YES;
			};
			name = Release;
		};
		14785E202666FC2D00F64E5A /* Debug */ = {
			isa = XCBuildConfiguration;
			baseConfigurationReference = 884C9A5DC096B45F88A5E4CB /* Pods-Shot4Shot.debug.xcconfig */;
			buildSettings = {
				ASSETCATALOG_COMPILER_APPICON_NAME = AppIcon;
				ASSETCATALOG_COMPILER_GLOBAL_ACCENT_COLOR_NAME = AccentColor;
				CODE_SIGN_STYLE = Automatic;
				DEVELOPMENT_TEAM = UDVL73KDB6;
				INFOPLIST_FILE = Shot4Shot/Info.plist;
				IPHONEOS_DEPLOYMENT_TARGET = 14.4;
				LD_RUNPATH_SEARCH_PATHS = (
					"$(inherited)",
					"@executable_path/Frameworks",
				);
				PRODUCT_BUNDLE_IDENTIFIER = SauravSawansukha.Shot4Shot;
				PRODUCT_NAME = "$(TARGET_NAME)";
				SWIFT_VERSION = 5.0;
				TARGETED_DEVICE_FAMILY = "1,2";
			};
			name = Debug;
		};
		14785E212666FC2D00F64E5A /* Release */ = {
			isa = XCBuildConfiguration;
			baseConfigurationReference = B8A0E1F0D43F8B833AB1718C /* Pods-Shot4Shot.release.xcconfig */;
			buildSettings = {
				ASSETCATALOG_COMPILER_APPICON_NAME = AppIcon;
				ASSETCATALOG_COMPILER_GLOBAL_ACCENT_COLOR_NAME = AccentColor;
				CODE_SIGN_STYLE = Automatic;
				DEVELOPMENT_TEAM = UDVL73KDB6;
				INFOPLIST_FILE = Shot4Shot/Info.plist;
				IPHONEOS_DEPLOYMENT_TARGET = 14.4;
				LD_RUNPATH_SEARCH_PATHS = (
					"$(inherited)",
					"@executable_path/Frameworks",
				);
				PRODUCT_BUNDLE_IDENTIFIER = SauravSawansukha.Shot4Shot;
				PRODUCT_NAME = "$(TARGET_NAME)";
				SWIFT_VERSION = 5.0;
				TARGETED_DEVICE_FAMILY = "1,2";
			};
			name = Release;
		};
		14785E232666FC2D00F64E5A /* Debug */ = {
			isa = XCBuildConfiguration;
			baseConfigurationReference = EA5B91870D0A4BCB8D11F700 /* Pods-Shot4ShotTests.debug.xcconfig */;
			buildSettings = {
				ALWAYS_EMBED_SWIFT_STANDARD_LIBRARIES = YES;
				BUNDLE_LOADER = "$(TEST_HOST)";
				CODE_SIGN_STYLE = Automatic;
				DEVELOPMENT_TEAM = 5JLBZK56K5;
				INFOPLIST_FILE = Shot4ShotTests/Info.plist;
				IPHONEOS_DEPLOYMENT_TARGET = 14.5;
				LD_RUNPATH_SEARCH_PATHS = (
					"$(inherited)",
					"@executable_path/Frameworks",
					"@loader_path/Frameworks",
				);
				PRODUCT_BUNDLE_IDENTIFIER = INFO449.Shot4ShotTests;
				PRODUCT_NAME = "$(TARGET_NAME)";
				SWIFT_VERSION = 5.0;
				TARGETED_DEVICE_FAMILY = "1,2";
				TEST_HOST = "$(BUILT_PRODUCTS_DIR)/Shot4Shot.app/Shot4Shot";
			};
			name = Debug;
		};
		14785E242666FC2D00F64E5A /* Release */ = {
			isa = XCBuildConfiguration;
			baseConfigurationReference = 321D21AFDA9014A8DDB88F19 /* Pods-Shot4ShotTests.release.xcconfig */;
			buildSettings = {
				ALWAYS_EMBED_SWIFT_STANDARD_LIBRARIES = YES;
				BUNDLE_LOADER = "$(TEST_HOST)";
				CODE_SIGN_STYLE = Automatic;
				DEVELOPMENT_TEAM = 5JLBZK56K5;
				INFOPLIST_FILE = Shot4ShotTests/Info.plist;
				IPHONEOS_DEPLOYMENT_TARGET = 14.5;
				LD_RUNPATH_SEARCH_PATHS = (
					"$(inherited)",
					"@executable_path/Frameworks",
					"@loader_path/Frameworks",
				);
				PRODUCT_BUNDLE_IDENTIFIER = INFO449.Shot4ShotTests;
				PRODUCT_NAME = "$(TARGET_NAME)";
				SWIFT_VERSION = 5.0;
				TARGETED_DEVICE_FAMILY = "1,2";
				TEST_HOST = "$(BUILT_PRODUCTS_DIR)/Shot4Shot.app/Shot4Shot";
			};
			name = Release;
		};
		14785E262666FC2D00F64E5A /* Debug */ = {
			isa = XCBuildConfiguration;
			baseConfigurationReference = 2C8E3966963D5E2D84C880D5 /* Pods-Shot4Shot-Shot4ShotUITests.debug.xcconfig */;
			buildSettings = {
				ALWAYS_EMBED_SWIFT_STANDARD_LIBRARIES = YES;
				CODE_SIGN_STYLE = Automatic;
				DEVELOPMENT_TEAM = 5JLBZK56K5;
				INFOPLIST_FILE = Shot4ShotUITests/Info.plist;
				LD_RUNPATH_SEARCH_PATHS = (
					"$(inherited)",
					"@executable_path/Frameworks",
					"@loader_path/Frameworks",
				);
				PRODUCT_BUNDLE_IDENTIFIER = INFO449.Shot4ShotUITests;
				PRODUCT_NAME = "$(TARGET_NAME)";
				SWIFT_VERSION = 5.0;
				TARGETED_DEVICE_FAMILY = "1,2";
				TEST_TARGET_NAME = Shot4Shot;
			};
			name = Debug;
		};
		14785E272666FC2D00F64E5A /* Release */ = {
			isa = XCBuildConfiguration;
			baseConfigurationReference = 76AC1C7EA76F1B44B94F6EF9 /* Pods-Shot4Shot-Shot4ShotUITests.release.xcconfig */;
			buildSettings = {
				ALWAYS_EMBED_SWIFT_STANDARD_LIBRARIES = YES;
				CODE_SIGN_STYLE = Automatic;
				DEVELOPMENT_TEAM = 5JLBZK56K5;
				INFOPLIST_FILE = Shot4ShotUITests/Info.plist;
				LD_RUNPATH_SEARCH_PATHS = (
					"$(inherited)",
					"@executable_path/Frameworks",
					"@loader_path/Frameworks",
				);
				PRODUCT_BUNDLE_IDENTIFIER = INFO449.Shot4ShotUITests;
				PRODUCT_NAME = "$(TARGET_NAME)";
				SWIFT_VERSION = 5.0;
				TARGETED_DEVICE_FAMILY = "1,2";
				TEST_TARGET_NAME = Shot4Shot;
			};
			name = Release;
		};
/* End XCBuildConfiguration section */

/* Begin XCConfigurationList section */
		14785DF02666FC2400F64E5A /* Build configuration list for PBXProject "Shot4Shot" */ = {
			isa = XCConfigurationList;
			buildConfigurations = (
				14785E1D2666FC2D00F64E5A /* Debug */,
				14785E1E2666FC2D00F64E5A /* Release */,
			);
			defaultConfigurationIsVisible = 0;
			defaultConfigurationName = Release;
		};
		14785E1F2666FC2D00F64E5A /* Build configuration list for PBXNativeTarget "Shot4Shot" */ = {
			isa = XCConfigurationList;
			buildConfigurations = (
				14785E202666FC2D00F64E5A /* Debug */,
				14785E212666FC2D00F64E5A /* Release */,
			);
			defaultConfigurationIsVisible = 0;
			defaultConfigurationName = Release;
		};
		14785E222666FC2D00F64E5A /* Build configuration list for PBXNativeTarget "Shot4ShotTests" */ = {
			isa = XCConfigurationList;
			buildConfigurations = (
				14785E232666FC2D00F64E5A /* Debug */,
				14785E242666FC2D00F64E5A /* Release */,
			);
			defaultConfigurationIsVisible = 0;
			defaultConfigurationName = Release;
		};
		14785E252666FC2D00F64E5A /* Build configuration list for PBXNativeTarget "Shot4ShotUITests" */ = {
			isa = XCConfigurationList;
			buildConfigurations = (
				14785E262666FC2D00F64E5A /* Debug */,
				14785E272666FC2D00F64E5A /* Release */,
			);
			defaultConfigurationIsVisible = 0;
			defaultConfigurationName = Release;
		};
/* End XCConfigurationList section */
	};
	rootObject = 14785DED2666FC2400F64E5A /* Project object */;
}
